
Microsoft Visual Studio Solution File, Format Version 12.00
# Visual Studio Version 17
VisualStudioVersion = 17.2.32516.85
MinimumVisualStudioVersion = 10.0.40219.1
Project("{9A19103F-16F7-4668-BE54-9A1E7A4F7556}") = "Pokedex", "Pokedex\Pokedex.csproj", "{A6E5FAA2-4C2E-4746-BD3F-B2BBB4524FB3}"
EndProject
Project("{9A19103F-16F7-4668-BE54-9A1E7A4F7556}") = "Database", "Database\Database.csproj", "{4F69F60C-6588-40CA-A697-0565163B6C8F}"
EndProject
Project("{FAE04EC0-301F-11D3-BF4B-00C04F79EFBC}") = "Application", "Application\Application.csproj", "{78186AA8-B1CE-4C6B-AEE8-E0EF145E0B09}"
EndProject
Global
	GlobalSection(SolutionConfigurationPlatforms) = preSolution
		Debug|Any CPU = Debug|Any CPU
		Release|Any CPU = Release|Any CPU
	EndGlobalSection
	GlobalSection(ProjectConfigurationPlatforms) = postSolution
		{A6E5FAA2-4C2E-4746-BD3F-B2BBB4524FB3}.Debug|Any CPU.ActiveCfg = Debug|Any CPU
		{A6E5FAA2-4C2E-4746-BD3F-B2BBB4524FB3}.Debug|Any CPU.Build.0 = Debug|Any CPU
		{A6E5FAA2-4C2E-4746-BD3F-B2BBB4524FB3}.Release|Any CPU.ActiveCfg = Release|Any CPU
		{A6E5FAA2-4C2E-4746-BD3F-B2BBB4524FB3}.Release|Any CPU.Build.0 = Release|Any CPU
		{4F69F60C-6588-40CA-A697-0565163B6C8F}.Debug|Any CPU.ActiveCfg = Debug|Any CPU
		{4F69F60C-6588-40CA-A697-0565163B6C8F}.Debug|Any CPU.Build.0 = Debug|Any CPU
		{4F69F60C-6588-40CA-A697-0565163B6C8F}.Release|Any CPU.ActiveCfg = Release|Any CPU
		{4F69F60C-6588-40CA-A697-0565163B6C8F}.Release|Any CPU.Build.0 = Release|Any CPU
		{78186AA8-B1CE-4C6B-AEE8-E0EF145E0B09}.Debug|Any CPU.ActiveCfg = Debug|Any CPU
		{78186AA8-B1CE-4C6B-AEE8-E0EF145E0B09}.Debug|Any CPU.Build.0 = Debug|Any CPU
		{78186AA8-B1CE-4C6B-AEE8-E0EF145E0B09}.Release|Any CPU.ActiveCfg = Release|Any CPU
		{78186AA8-B1CE-4C6B-AEE8-E0EF145E0B09}.Release|Any CPU.Build.0 = Release|Any CPU
	EndGlobalSection
	GlobalSection(SolutionProperties) = preSolution
		HideSolutionNode = FALSE
	EndGlobalSection
	GlobalSection(ExtensibilityGlobals) = postSolution
		SolutionGuid = {AF4F5EE5-D9D8-4CEF-ADF9-66453A330717}
	EndGlobalSection
EndGlobal
